
Microsoft Visual Studio Solution File, Format Version 12.00
# Visual Studio Version 17
VisualStudioVersion = 17.2.32526.322
MinimumVisualStudioVersion = 10.0.40219.1
Project("{FAE04EC0-301F-11D3-BF4B-00C04F79EFBC}") = "ProyectoFinal", "ProyectoFinal.csproj", "{95589B96-8792-403F-B589-E78F65578498}"
EndProject
Global
	GlobalSection(SolutionConfigurationPlatforms) = preSolution
		Debug|Any CPU = Debug|Any CPU
		Release|Any CPU = Release|Any CPU
	EndGlobalSection
	GlobalSection(ProjectConfigurationPlatforms) = postSolution
		{95589B96-8792-403F-B589-E78F65578498}.Debug|Any CPU.ActiveCfg = Debug|Any CPU
		{95589B96-8792-403F-B589-E78F65578498}.Debug|Any CPU.Build.0 = Debug|Any CPU
		{95589B96-8792-403F-B589-E78F65578498}.Release|Any CPU.ActiveCfg = Release|Any CPU
		{95589B96-8792-403F-B589-E78F65578498}.Release|Any CPU.Build.0 = Release|Any CPU
	EndGlobalSection
	GlobalSection(SolutionProperties) = preSolution
		HideSolutionNode = FALSE
	EndGlobalSection
	GlobalSection(ExtensibilityGlobals) = postSolution
		SolutionGuid = {01F658FC-F22C-4022-95F5-CB76F73EFB2E}
	EndGlobalSection
EndGlobal
